
Microsoft Visual Studio Solution File, Format Version 11.00
# Visual Studio 2010
Project("{FAE04EC0-301F-11D3-BF4B-00C04F79EFBC}") = "Assembly-CSharp-Editor", "Assembly-CSharp-Editor.csproj", "{9239c50a-5e2a-d8c1-9f4f-d507c826fa70}"
EndProject
Project("{FAE04EC0-301F-11D3-BF4B-00C04F79EFBC}") = "Assembly-CSharp", "Assembly-CSharp.csproj", "{c160cc09-0c1a-bcc4-777f-de38a1e98517}"
EndProject
Global
	GlobalSection(SolutionConfigurationPlatforms) = preSolution
		Debug|Any CPU = Debug|Any CPU
	EndGlobalSection
	GlobalSection(ProjectConfigurationPlatforms) = postSolution
		{9239c50a-5e2a-d8c1-9f4f-d507c826fa70}.Debug|Any CPU.ActiveCfg = Debug|Any CPU
		{9239c50a-5e2a-d8c1-9f4f-d507c826fa70}.Debug|Any CPU.Build.0 = Debug|Any CPU
		{c160cc09-0c1a-bcc4-777f-de38a1e98517}.Debug|Any CPU.ActiveCfg = Debug|Any CPU
		{c160cc09-0c1a-bcc4-777f-de38a1e98517}.Debug|Any CPU.Build.0 = Debug|Any CPU
	EndGlobalSection
	GlobalSection(SolutionProperties) = preSolution
		HideSolutionNode = FALSE
	EndGlobalSection
EndGlobal
